
Microsoft Visual Studio Solution File, Format Version 12.00
# Visual Studio Version 16
VisualStudioVersion = 25.0.1706.0
MinimumVisualStudioVersion = 10.0.40219.1
Project("{FAE04EC0-301F-11D3-BF4B-00C04F79EFBC}") = "animal_test", "animal_test\animal_test.csproj", "{84B66A2C-3D97-44A0-9ACB-88B28BC321C5}"
EndProject
Project("{FAE04EC0-301F-11D3-BF4B-00C04F79EFBC}") = "Zoo_Test", "Zoo_Test\Zoo_Test.csproj", "{9157E6EF-EDFB-424A-A692-246BD4446E93}"
EndProject
Global
	GlobalSection(SolutionConfigurationPlatforms) = preSolution
		Debug|Any CPU = Debug|Any CPU
		Release|Any CPU = Release|Any CPU
	EndGlobalSection
	GlobalSection(ProjectConfigurationPlatforms) = postSolution
		{84B66A2C-3D97-44A0-9ACB-88B28BC321C5}.Debug|Any CPU.ActiveCfg = Debug|Any CPU
		{84B66A2C-3D97-44A0-9ACB-88B28BC321C5}.Debug|Any CPU.Build.0 = Debug|Any CPU
		{84B66A2C-3D97-44A0-9ACB-88B28BC321C5}.Release|Any CPU.ActiveCfg = Release|Any CPU
		{84B66A2C-3D97-44A0-9ACB-88B28BC321C5}.Release|Any CPU.Build.0 = Release|Any CPU
		{9157E6EF-EDFB-424A-A692-246BD4446E93}.Debug|Any CPU.ActiveCfg = Debug|Any CPU
		{9157E6EF-EDFB-424A-A692-246BD4446E93}.Debug|Any CPU.Build.0 = Debug|Any CPU
		{9157E6EF-EDFB-424A-A692-246BD4446E93}.Release|Any CPU.ActiveCfg = Release|Any CPU
		{9157E6EF-EDFB-424A-A692-246BD4446E93}.Release|Any CPU.Build.0 = Release|Any CPU
	EndGlobalSection
	GlobalSection(SolutionProperties) = preSolution
		HideSolutionNode = FALSE
	EndGlobalSection
	GlobalSection(ExtensibilityGlobals) = postSolution
		SolutionGuid = {4349897A-FC73-40CE-A1CD-B25A291CA103}
	EndGlobalSection
EndGlobal
